<?xml version="1.0" encoding="utf-8"?>
<Project ToolsVersion="4.0" xmlns="http://schemas.microsoft.com/developer/msbuild/2003">
  <ItemGroup>
    <Filter Include="Source">
      <UniqueIdentifier>{0c823774-cfff-4607-baae-8f505bae72ed}</UniqueIdentifier>
    </Filter>
  </ItemGroup>
  <ItemGroup>
    <ClCompile Include="..\..\..\SourceDeps\Core\Math\Color.cpp">
      <Filter>Source</Filter>
    </ClCompile>
    <ClCompile Include="..\..\..\SourceDeps\Core\Resource\ResourceHelper.cpp">
      <Filter>Source</Filter>
    </ClCompile>
    <ClCompile Include="..\..\..\SourceDeps\Core\Resource\ResourceUtil.cpp">
      <Filter>Source</Filter>
    </ClCompile>
    <ClCompile Include="..\..\..\SourceDeps\Core\Utility\InitOnce.cpp">
      <Filter>Source</Filter>
    </ClCompile>
    <ClCompile Include="..\..\..\SourceDeps\Core\Utility\MCResult.cpp">
      <Filter>Source</Filter>
    </ClCompile>
    <ClCompile Include="..\..\..\SourceDeps\Core\Utility\MemoryTracker.cpp">
      <Filter>Source</Filter>
    </ClCompile>
    <ClCompile Include="..\..\..\SourceDeps\Core\Utility\PropertyBag.cpp">
      <Filter>Source</Filter>
    </ClCompile>
    <ClCompile Include="..\..\..\SourceDeps\Core\Utility\TypeId.cpp">
      <Filter>Source</Filter>
    </ClCompile>
    <ClCompile Include="..\..\..\SourceDeps\Core\Utility\utf8proc.c">
      <Filter>Source</Filter>
    </ClCompile>
    <ClCompile Include="..\..\..\SourceDeps\Core\Utility\UUID.cpp">
      <Filter>Source</Filter>
    </ClCompile>
    <ClCompile Include="..\..\..\SourceDeps\Core\pch_core.cpp">
      <Filter>Source</Filter>
    </ClCompile>
    <ClCompile Include="..\..\..\SourceDeps\Core\Debug\DebugEventLogger.cpp">
      <Filter>Source</Filter>
    </ClCompile>
  </ItemGroup>
  <ItemGroup>
    <ClInclude Include="..\..\..\SourceDeps\Core\Debug\Log.h">
      <Filter>Source</Filter>
    </ClInclude>
    <ClInclude Include="..\..\..\SourceDeps\Core\Debug\LogSettingsUpdater.h">
      <Filter>Source</Filter>
    </ClInclude>
    <ClInclude Include="..\..\..\SourceDeps\Core\Math\Color.h">
      <Filter>Source</Filter>
    </ClInclude>
    <ClInclude Include="..\..\..\SourceDeps\Core\Math\Math.h">
      <Filter>Source</Filter>
    </ClInclude>
    <ClInclude Include="..\..\..\SourceDeps\Core\Math\TimeStep.h">
      <Filter>Source</Filter>
    </ClInclude>
    <ClInclude Include="..\..\..\SourceDeps\Core\Platform\ErrorHandling.h">
      <Filter>Source</Filter>
    </ClInclude>
    <ClInclude Include="..\..\..\SourceDeps\Core\Resource\ResourceHelper.h">
      <Filter>Source</Filter>
    </ClInclude>
    <ClInclude Include="..\..\..\SourceDeps\Core\Resource\ResourceTextureEnums.h">
      <Filter>Source</Filter>
    </ClInclude>
    <ClInclude Include="..\..\..\SourceDeps\Core\Resource\ResourceUtil.h">
      <Filter>Source</Filter>
    </ClInclude>
    <ClInclude Include="..\..\..\SourceDeps\Core\Utility\buffer_span.h">
      <Filter>Source</Filter>
    </ClInclude>
    <ClInclude Include="..\..\..\SourceDeps\Core\Utility\ByteMask.h">
      <Filter>Source</Filter>
    </ClInclude>
    <ClInclude Include="..\..\..\SourceDeps\Core\Utility\EnumCast.h">
      <Filter>Source</Filter>
    </ClInclude>
    <ClInclude Include="..\..\..\SourceDeps\Core\Utility\Filepath.h">
      <Filter>Source</Filter>
    </ClInclude>
    <ClInclude Include="..\..\..\SourceDeps\Core\Utility\InitOnce.h">
      <Filter>Source</Filter>
    </ClInclude>
    <ClInclude Include="..\..\..\SourceDeps\Core\Utility\IsA.h">
      <Filter>Source</Filter>
    </ClInclude>
    <ClInclude Include="..\..\..\SourceDeps\Core\Utility\MCResult.h">
      <Filter>Source</Filter>
    </ClInclude>
    <ClInclude Include="..\..\..\SourceDeps\Core\Utility\MemoryTracker.h">
      <Filter>Source</Filter>
    </ClInclude>
    <ClInclude Include="..\..\..\SourceDeps\Core\Utility\optional_ref.h">
      <Filter>Source</Filter>
    </ClInclude>
    <ClInclude Include="..\..\..\SourceDeps\Core\Utility\PrimitiveTypes.h">
      <Filter>Source</Filter>
    </ClInclude>
    <ClInclude Include="..\..\..\SourceDeps\Core\Utility\PropertyBag.h">
      <Filter>Source</Filter>
    </ClInclude>
    <ClInclude Include="..\..\..\SourceDeps\Core\Utility\Singleton.h">
      <Filter>Source</Filter>
    </ClInclude>
    <ClInclude Include="..\..\..\SourceDeps\Core\Utility\static_vector.h">
      <Filter>Source</Filter>
    </ClInclude>
    <ClInclude Include="..\..\..\SourceDeps\Core\Utility\string_span_operators.h">
      <Filter>Source</Filter>
    </ClInclude>
    <ClInclude Include="..\..\..\SourceDeps\Core\Utility\TemplateHelper.h">
      <Filter>Source</Filter>
    </ClInclude>
    <ClInclude Include="..\..\..\SourceDeps\Core\Utility\TypeId.h">
      <Filter>Source</Filter>
    </ClInclude>
    <ClInclude Include="..\..\..\SourceDeps\Core\Utility\utf8proc.h">
      <Filter>Source</Filter>
    </ClInclude>
    <ClInclude Include="..\..\..\SourceDeps\Core\Utility\utf8proc_data.h">
      <Filter>Source</Filter>
    </ClInclude>
    <ClInclude Include="..\..\..\SourceDeps\Core\Utility\UUID.h">
      <Filter>Source</Filter>
    </ClInclude>
    <ClInclude Include="..\..\..\SourceDeps\Core\pch_core.h">
      <Filter>Source</Filter>
    </ClInclude>
    <ClInclude Include="..\..\..\SourceDeps\Core\Debug\DebugEventLogger.h">
      <Filter>Source</Filter>
    </ClInclude>
  </ItemGroup>
</Project>