
Microsoft Visual Studio Solution File, Format Version 12.00
# Visual Studio 15
VisualStudioVersion = 15.0.28307.645
MinimumVisualStudioVersion = 10.0.40219.1
Project("{8BC9CEB8-8B4A-11D0-8D11-00A0C91BC942}") = "Core", "Project\vs2015\Core\Core.vcxproj", "{753921F6-A0D4-4E07-AC44-14384CE0EFEE}"
EndProject
Project("{8BC9CEB8-8B4A-11D0-8D11-00A0C91BC942}") = "json", "Project\vs2015\json\json.vcxproj", "{3C44D33F-A378-4C64-B664-978F30AB2944}"
EndProject
Project("{8BC9CEB8-8B4A-11D0-8D11-00A0C91BC942}") = "LevelDB", "Project\vs2015\LevelDB\LevelDB.vcxproj", "{9D5F5C7D-01FF-41ED-9EAC-57CE4DBD5781}"
EndProject

Project("{8BC9CEB8-8B4A-11D0-8D11-00A0C91BC942}") = "Zlib", "Project\vs2015\Zlib\Zlib.vcxproj", "{6D47087C-E2D5-4CCB-983D-2D7D5775F2AE}"
EndProject
Project("{8BC9CEB8-8B4A-11D0-8D11-00A0C91BC942}") = "Flite", "Project\vs2015\Flite\Flite.vcxproj", "{20701920-037F-411D-8829-52CF87D12149}"
EndProject
Project("{8BC9CEB8-8B4A-11D0-8D11-00A0C91BC942}") = "UPNP", "Project\vs2017\UPNP\UPNP.vcxproj", "{5F84AE08-3076-4C51-8A41-765CEB3F11E1}"
EndProject
Global
	GlobalSection(SolutionConfigurationPlatforms) = preSolution
		Debug|ARM-Android-NVIDIA = Debug|ARM-Android-NVIDIA
		Debug|Durango = Debug|Durango
		Debug|NX64 = Debug|NX64
		Debug|ORBIS = Debug|ORBIS
		Debug|Tegra-Android = Debug|Tegra-Android
		Debug|x64 = Debug|x64
		Debug|x86 = Debug|x86
		Release|ARM-Android-NVIDIA = Release|ARM-Android-NVIDIA
		Release|Durango = Release|Durango
		Release|NX64 = Release|NX64
		Release|ORBIS = Release|ORBIS
		Release|Tegra-Android = Release|Tegra-Android
		Release|x64 = Release|x64
		Release|x86 = Release|x86
	EndGlobalSection
	GlobalSection(ProjectConfigurationPlatforms) = postSolution
		{753921F6-A0D4-4E07-AC44-14384CE0EFEE}.Debug|ARM-Android-NVIDIA.ActiveCfg = Debug|ARM-Android-NVIDIA
		{753921F6-A0D4-4E07-AC44-14384CE0EFEE}.Debug|ARM-Android-NVIDIA.Build.0 = Debug|ARM-Android-NVIDIA
		{753921F6-A0D4-4E07-AC44-14384CE0EFEE}.Debug|Durango.ActiveCfg = Debug|Durango
		{753921F6-A0D4-4E07-AC44-14384CE0EFEE}.Debug|Durango.Build.0 = Debug|Durango
		{753921F6-A0D4-4E07-AC44-14384CE0EFEE}.Debug|NX64.ActiveCfg = Debug|Durango
		{753921F6-A0D4-4E07-AC44-14384CE0EFEE}.Debug|ORBIS.ActiveCfg = Debug|Win32
		{753921F6-A0D4-4E07-AC44-14384CE0EFEE}.Debug|Tegra-Android.ActiveCfg = Debug|Win32
		{753921F6-A0D4-4E07-AC44-14384CE0EFEE}.Debug|x64.ActiveCfg = Debug|x64
		{753921F6-A0D4-4E07-AC44-14384CE0EFEE}.Debug|x64.Build.0 = Debug|x64
		{753921F6-A0D4-4E07-AC44-14384CE0EFEE}.Debug|x86.ActiveCfg = Debug|Win32
		{753921F6-A0D4-4E07-AC44-14384CE0EFEE}.Debug|x86.Build.0 = Debug|Win32
		{753921F6-A0D4-4E07-AC44-14384CE0EFEE}.Release|ARM-Android-NVIDIA.ActiveCfg = Release|ARM-Android-NVIDIA
		{753921F6-A0D4-4E07-AC44-14384CE0EFEE}.Release|ARM-Android-NVIDIA.Build.0 = Release|ARM-Android-NVIDIA
		{753921F6-A0D4-4E07-AC44-14384CE0EFEE}.Release|Durango.ActiveCfg = Release|Durango
		{753921F6-A0D4-4E07-AC44-14384CE0EFEE}.Release|Durango.Build.0 = Release|Durango
		{753921F6-A0D4-4E07-AC44-14384CE0EFEE}.Release|NX64.ActiveCfg = Release|Win32
		{753921F6-A0D4-4E07-AC44-14384CE0EFEE}.Release|ORBIS.ActiveCfg = Release|Win32
		{753921F6-A0D4-4E07-AC44-14384CE0EFEE}.Release|Tegra-Android.ActiveCfg = Release|Win32
		{753921F6-A0D4-4E07-AC44-14384CE0EFEE}.Release|x64.ActiveCfg = Release|x64
		{753921F6-A0D4-4E07-AC44-14384CE0EFEE}.Release|x64.Build.0 = Release|x64
		{753921F6-A0D4-4E07-AC44-14384CE0EFEE}.Release|x86.ActiveCfg = Release|Win32
		{753921F6-A0D4-4E07-AC44-14384CE0EFEE}.Release|x86.Build.0 = Release|Win32
		{3C44D33F-A378-4C64-B664-978F30AB2944}.Debug|ARM-Android-NVIDIA.ActiveCfg = Debug|ARM-Android-NVIDIA
		{3C44D33F-A378-4C64-B664-978F30AB2944}.Debug|ARM-Android-NVIDIA.Build.0 = Debug|ARM-Android-NVIDIA
		{3C44D33F-A378-4C64-B664-978F30AB2944}.Debug|Durango.ActiveCfg = Debug|Durango
		{3C44D33F-A378-4C64-B664-978F30AB2944}.Debug|Durango.Build.0 = Debug|Durango
		{3C44D33F-A378-4C64-B664-978F30AB2944}.Debug|NX64.ActiveCfg = Debug|Durango
		{3C44D33F-A378-4C64-B664-978F30AB2944}.Debug|ORBIS.ActiveCfg = Debug|Win32
		{3C44D33F-A378-4C64-B664-978F30AB2944}.Debug|Tegra-Android.ActiveCfg = Debug|Win32
		{3C44D33F-A378-4C64-B664-978F30AB2944}.Debug|x64.ActiveCfg = Debug|x64
		{3C44D33F-A378-4C64-B664-978F30AB2944}.Debug|x64.Build.0 = Debug|x64
		{3C44D33F-A378-4C64-B664-978F30AB2944}.Debug|x86.ActiveCfg = Debug|Win32
		{3C44D33F-A378-4C64-B664-978F30AB2944}.Debug|x86.Build.0 = Debug|Win32
		{3C44D33F-A378-4C64-B664-978F30AB2944}.Release|ARM-Android-NVIDIA.ActiveCfg = Release|ARM-Android-NVIDIA
		{3C44D33F-A378-4C64-B664-978F30AB2944}.Release|ARM-Android-NVIDIA.Build.0 = Release|ARM-Android-NVIDIA
		{3C44D33F-A378-4C64-B664-978F30AB2944}.Release|Durango.ActiveCfg = Release|Durango
		{3C44D33F-A378-4C64-B664-978F30AB2944}.Release|Durango.Build.0 = Release|Durango
		{3C44D33F-A378-4C64-B664-978F30AB2944}.Release|NX64.ActiveCfg = Release|Win32
		{3C44D33F-A378-4C64-B664-978F30AB2944}.Release|ORBIS.ActiveCfg = Release|Win32
		{3C44D33F-A378-4C64-B664-978F30AB2944}.Release|Tegra-Android.ActiveCfg = Release|Win32
		{3C44D33F-A378-4C64-B664-978F30AB2944}.Release|x64.ActiveCfg = Release|x64
		{3C44D33F-A378-4C64-B664-978F30AB2944}.Release|x64.Build.0 = Release|x64
		{3C44D33F-A378-4C64-B664-978F30AB2944}.Release|x86.ActiveCfg = Release|Win32
		{3C44D33F-A378-4C64-B664-978F30AB2944}.Release|x86.Build.0 = Release|Win32
		{9D5F5C7D-01FF-41ED-9EAC-57CE4DBD5781}.Debug|ARM-Android-NVIDIA.ActiveCfg = Debug|ARM-Android-NVIDIA
		{9D5F5C7D-01FF-41ED-9EAC-57CE4DBD5781}.Debug|ARM-Android-NVIDIA.Build.0 = Debug|ARM-Android-NVIDIA
		{9D5F5C7D-01FF-41ED-9EAC-57CE4DBD5781}.Debug|Durango.ActiveCfg = Debug|Durango
		{9D5F5C7D-01FF-41ED-9EAC-57CE4DBD5781}.Debug|Durango.Build.0 = Debug|Durango
		{9D5F5C7D-01FF-41ED-9EAC-57CE4DBD5781}.Debug|Durango.Deploy.0 = Debug|Durango
		{9D5F5C7D-01FF-41ED-9EAC-57CE4DBD5781}.Debug|NX64.ActiveCfg = Debug|Win32
		{9D5F5C7D-01FF-41ED-9EAC-57CE4DBD5781}.Debug|ORBIS.ActiveCfg = Debug|Win32
		{9D5F5C7D-01FF-41ED-9EAC-57CE4DBD5781}.Debug|Tegra-Android.ActiveCfg = Debug|Win32
		{9D5F5C7D-01FF-41ED-9EAC-57CE4DBD5781}.Debug|x64.ActiveCfg = Debug|x64
		{9D5F5C7D-01FF-41ED-9EAC-57CE4DBD5781}.Debug|x64.Build.0 = Debug|x64
		{9D5F5C7D-01FF-41ED-9EAC-57CE4DBD5781}.Debug|x86.ActiveCfg = Debug|Win32
		{9D5F5C7D-01FF-41ED-9EAC-57CE4DBD5781}.Debug|x86.Build.0 = Debug|Win32
		{9D5F5C7D-01FF-41ED-9EAC-57CE4DBD5781}.Release|ARM-Android-NVIDIA.ActiveCfg = Release|ARM-Android-NVIDIA
		{9D5F5C7D-01FF-41ED-9EAC-57CE4DBD5781}.Release|ARM-Android-NVIDIA.Build.0 = Release|ARM-Android-NVIDIA
		{9D5F5C7D-01FF-41ED-9EAC-57CE4DBD5781}.Release|Durango.ActiveCfg = Release|Durango
		{9D5F5C7D-01FF-41ED-9EAC-57CE4DBD5781}.Release|Durango.Build.0 = Release|Durango
		{9D5F5C7D-01FF-41ED-9EAC-57CE4DBD5781}.Release|Durango.Deploy.0 = Release|Durango
		{9D5F5C7D-01FF-41ED-9EAC-57CE4DBD5781}.Release|NX64.ActiveCfg = Release|Win32
		{9D5F5C7D-01FF-41ED-9EAC-57CE4DBD5781}.Release|ORBIS.ActiveCfg = Release|Win32
		{9D5F5C7D-01FF-41ED-9EAC-57CE4DBD5781}.Release|Tegra-Android.ActiveCfg = Release|Win32
		{9D5F5C7D-01FF-41ED-9EAC-57CE4DBD5781}.Release|x64.ActiveCfg = Release|x64
		{9D5F5C7D-01FF-41ED-9EAC-57CE4DBD5781}.Release|x64.Build.0 = Release|x64
		{9D5F5C7D-01FF-41ED-9EAC-57CE4DBD5781}.Release|x86.ActiveCfg = Release|Win32
		{9D5F5C7D-01FF-41ED-9EAC-57CE4DBD5781}.Release|x86.Build.0 = Release|Win32
		{0999D968-5FA8-4A42-9743-CCE32A99BCE7}.Debug|ARM-Android-NVIDIA.ActiveCfg = Debug|ARM-Android-NVIDIA
		{0999D968-5FA8-4A42-9743-CCE32A99BCE7}.Debug|ARM-Android-NVIDIA.Build.0 = Debug|ARM-Android-NVIDIA
		{0999D968-5FA8-4A42-9743-CCE32A99BCE7}.Debug|Durango.ActiveCfg = Debug|Durango
		{0999D968-5FA8-4A42-9743-CCE32A99BCE7}.Debug|Durango.Build.0 = Debug|Durango
		{0999D968-5FA8-4A42-9743-CCE32A99BCE7}.Debug|Durango.Deploy.0 = Debug|Durango
		{0999D968-5FA8-4A42-9743-CCE32A99BCE7}.Debug|NX64.ActiveCfg = Debug|Win32
		{0999D968-5FA8-4A42-9743-CCE32A99BCE7}.Debug|ORBIS.ActiveCfg = Debug|Win32
		{0999D968-5FA8-4A42-9743-CCE32A99BCE7}.Debug|Tegra-Android.ActiveCfg = Debug|Win32
		{0999D968-5FA8-4A42-9743-CCE32A99BCE7}.Debug|x64.ActiveCfg = Debug|x64
		{0999D968-5FA8-4A42-9743-CCE32A99BCE7}.Debug|x64.Build.0 = Debug|x64
		{0999D968-5FA8-4A42-9743-CCE32A99BCE7}.Debug|x86.ActiveCfg = Debug|Win32
		{0999D968-5FA8-4A42-9743-CCE32A99BCE7}.Debug|x86.Build.0 = Debug|Win32
		{0999D968-5FA8-4A42-9743-CCE32A99BCE7}.Release|ARM-Android-NVIDIA.ActiveCfg = Release|ARM-Android-NVIDIA
		{0999D968-5FA8-4A42-9743-CCE32A99BCE7}.Release|ARM-Android-NVIDIA.Build.0 = Release|ARM-Android-NVIDIA
		{0999D968-5FA8-4A42-9743-CCE32A99BCE7}.Release|Durango.ActiveCfg = Release|Durango
		{0999D968-5FA8-4A42-9743-CCE32A99BCE7}.Release|Durango.Build.0 = Release|Durango
		{0999D968-5FA8-4A42-9743-CCE32A99BCE7}.Release|Durango.Deploy.0 = Release|Durango
		{0999D968-5FA8-4A42-9743-CCE32A99BCE7}.Release|NX64.ActiveCfg = Release|Win32
		{0999D968-5FA8-4A42-9743-CCE32A99BCE7}.Release|ORBIS.ActiveCfg = Release|Win32
		{0999D968-5FA8-4A42-9743-CCE32A99BCE7}.Release|Tegra-Android.ActiveCfg = Release|Win32
		{0999D968-5FA8-4A42-9743-CCE32A99BCE7}.Release|x64.ActiveCfg = Release|x64
		{0999D968-5FA8-4A42-9743-CCE32A99BCE7}.Release|x64.Build.0 = Release|x64
		{0999D968-5FA8-4A42-9743-CCE32A99BCE7}.Release|x86.ActiveCfg = Release|Win32
		{0999D968-5FA8-4A42-9743-CCE32A99BCE7}.Release|x86.Build.0 = Release|Win32
		{6D47087C-E2D5-4CCB-983D-2D7D5775F2AE}.Debug|ARM-Android-NVIDIA.ActiveCfg = Debug|Win32
		{6D47087C-E2D5-4CCB-983D-2D7D5775F2AE}.Debug|Durango.ActiveCfg = Debug|Durango
		{6D47087C-E2D5-4CCB-983D-2D7D5775F2AE}.Debug|Durango.Build.0 = Debug|Durango
		{6D47087C-E2D5-4CCB-983D-2D7D5775F2AE}.Debug|NX64.ActiveCfg = Debug|Durango
		{6D47087C-E2D5-4CCB-983D-2D7D5775F2AE}.Debug|ORBIS.ActiveCfg = Debug|Win32
		{6D47087C-E2D5-4CCB-983D-2D7D5775F2AE}.Debug|Tegra-Android.ActiveCfg = Debug|Win32
		{6D47087C-E2D5-4CCB-983D-2D7D5775F2AE}.Debug|x64.ActiveCfg = Debug|x64
		{6D47087C-E2D5-4CCB-983D-2D7D5775F2AE}.Debug|x64.Build.0 = Debug|x64
		{6D47087C-E2D5-4CCB-983D-2D7D5775F2AE}.Debug|x86.ActiveCfg = Debug|Win32
		{6D47087C-E2D5-4CCB-983D-2D7D5775F2AE}.Debug|x86.Build.0 = Debug|Win32
		{6D47087C-E2D5-4CCB-983D-2D7D5775F2AE}.Release|ARM-Android-NVIDIA.ActiveCfg = Release|Win32
		{6D47087C-E2D5-4CCB-983D-2D7D5775F2AE}.Release|Durango.ActiveCfg = Release|Durango
		{6D47087C-E2D5-4CCB-983D-2D7D5775F2AE}.Release|Durango.Build.0 = Release|Durango
		{6D47087C-E2D5-4CCB-983D-2D7D5775F2AE}.Release|NX64.ActiveCfg = Release|Win32
		{6D47087C-E2D5-4CCB-983D-2D7D5775F2AE}.Release|ORBIS.ActiveCfg = Release|Win32
		{6D47087C-E2D5-4CCB-983D-2D7D5775F2AE}.Release|Tegra-Android.ActiveCfg = Release|Win32
		{6D47087C-E2D5-4CCB-983D-2D7D5775F2AE}.Release|x64.ActiveCfg = Release|x64
		{6D47087C-E2D5-4CCB-983D-2D7D5775F2AE}.Release|x64.Build.0 = Release|x64
		{6D47087C-E2D5-4CCB-983D-2D7D5775F2AE}.Release|x86.ActiveCfg = Release|Win32
		{6D47087C-E2D5-4CCB-983D-2D7D5775F2AE}.Release|x86.Build.0 = Release|Win32
		{20701920-037F-411D-8829-52CF87D12149}.Debug|ARM-Android-NVIDIA.ActiveCfg = Debug|Win32
		{20701920-037F-411D-8829-52CF87D12149}.Debug|Durango.ActiveCfg = Debug|Durango
		{20701920-037F-411D-8829-52CF87D12149}.Debug|Durango.Build.0 = Debug|Durango
		{20701920-037F-411D-8829-52CF87D12149}.Debug|NX64.ActiveCfg = Debug|Win32
		{20701920-037F-411D-8829-52CF87D12149}.Debug|ORBIS.ActiveCfg = Debug|ORBIS
		{20701920-037F-411D-8829-52CF87D12149}.Debug|ORBIS.Build.0 = Debug|ORBIS
		{20701920-037F-411D-8829-52CF87D12149}.Debug|Tegra-Android.ActiveCfg = Debug|Win32
		{20701920-037F-411D-8829-52CF87D12149}.Debug|x64.ActiveCfg = Debug|x64
		{20701920-037F-411D-8829-52CF87D12149}.Debug|x64.Build.0 = Debug|x64
		{20701920-037F-411D-8829-52CF87D12149}.Debug|x86.ActiveCfg = Debug|Win32
		{20701920-037F-411D-8829-52CF87D12149}.Debug|x86.Build.0 = Debug|Win32
		{20701920-037F-411D-8829-52CF87D12149}.Release|ARM-Android-NVIDIA.ActiveCfg = Release|Win32
		{20701920-037F-411D-8829-52CF87D12149}.Release|Durango.ActiveCfg = Release|Durango
		{20701920-037F-411D-8829-52CF87D12149}.Release|Durango.Build.0 = Release|Durango
		{20701920-037F-411D-8829-52CF87D12149}.Release|NX64.ActiveCfg = Release|Win32
		{20701920-037F-411D-8829-52CF87D12149}.Release|ORBIS.ActiveCfg = Release|ORBIS
		{20701920-037F-411D-8829-52CF87D12149}.Release|ORBIS.Build.0 = Release|ORBIS
		{20701920-037F-411D-8829-52CF87D12149}.Release|Tegra-Android.ActiveCfg = Release|Win32
		{20701920-037F-411D-8829-52CF87D12149}.Release|x64.ActiveCfg = Release|x64
		{20701920-037F-411D-8829-52CF87D12149}.Release|x64.Build.0 = Release|x64
		{20701920-037F-411D-8829-52CF87D12149}.Release|x86.ActiveCfg = Release|Win32
		{20701920-037F-411D-8829-52CF87D12149}.Release|x86.Build.0 = Release|Win32
	EndGlobalSection
	GlobalSection(SolutionProperties) = preSolution
		HideSolutionNode = FALSE
	EndGlobalSection
EndGlobal
