<?xml version="1.0" encoding="utf-8"?>
<Project ToolsVersion="4.0" xmlns="http://schemas.microsoft.com/developer/msbuild/2003">
  <ItemGroup>
    <Filter Include="Source">
      <UniqueIdentifier>{f05d11f1-9b96-49f7-b778-1c9ea0c7b4a7}</UniqueIdentifier>
    </Filter>
  </ItemGroup>
  <ItemGroup>
    <ClInclude Include="..\..\..\SourceDeps\raknet\SocketLayer.h">
      <Filter>Source</Filter>
    </ClInclude>
    <ClInclude Include="..\..\..\SourceDeps\raknet\StatisticsHistory.h">
      <Filter>Source</Filter>
    </ClInclude>
    <ClInclude Include="..\..\..\SourceDeps\raknet\StringCompressor.h">
      <Filter>Source</Filter>
    </ClInclude>
    <ClInclude Include="..\..\..\SourceDeps\raknet\StringTable.h">
      <Filter>Source</Filter>
    </ClInclude>
    <ClInclude Include="..\..\..\SourceDeps\raknet\SuperFastHash.h">
      <Filter>Source</Filter>
    </ClInclude>
    <ClInclude Include="..\..\..\SourceDeps\raknet\TableSerializer.h">
      <Filter>Source</Filter>
    </ClInclude>
    <ClInclude Include="..\..\..\SourceDeps\raknet\TCPInterface.h">
      <Filter>Source</Filter>
    </ClInclude>
    <ClInclude Include="..\..\..\SourceDeps\raknet\TeamBalancer.h">
      <Filter>Source</Filter>
    </ClInclude>
    <ClInclude Include="..\..\..\SourceDeps\raknet\TeamManager.h">
      <Filter>Source</Filter>
    </ClInclude>
    <ClInclude Include="..\..\..\SourceDeps\raknet\TelnetTransport.h">
      <Filter>Source</Filter>
    </ClInclude>
    <ClInclude Include="..\..\..\SourceDeps\raknet\ThreadPool.h">
      <Filter>Source</Filter>
    </ClInclude>
    <ClInclude Include="..\..\..\SourceDeps\raknet\ThreadsafePacketLogger.h">
      <Filter>Source</Filter>
    </ClInclude>
    <ClInclude Include="..\..\..\SourceDeps\raknet\TransportInterface.h">
      <Filter>Source</Filter>
    </ClInclude>
    <ClInclude Include="..\..\..\SourceDeps\raknet\TwoWayAuthentication.h">
      <Filter>Source</Filter>
    </ClInclude>
    <ClInclude Include="..\..\..\SourceDeps\raknet\UDPForwarder.h">
      <Filter>Source</Filter>
    </ClInclude>
    <ClInclude Include="..\..\..\SourceDeps\raknet\UDPProxyClient.h">
      <Filter>Source</Filter>
    </ClInclude>
    <ClInclude Include="..\..\..\SourceDeps\raknet\UDPProxyCommon.h">
      <Filter>Source</Filter>
    </ClInclude>
    <ClInclude Include="..\..\..\SourceDeps\raknet\UDPProxyCoordinator.h">
      <Filter>Source</Filter>
    </ClInclude>
    <ClInclude Include="..\..\..\SourceDeps\raknet\UDPProxyServer.h">
      <Filter>Source</Filter>
    </ClInclude>
    <ClInclude Include="..\..\..\SourceDeps\raknet\upnpc.h">
      <Filter>Source</Filter>
    </ClInclude>
    <ClInclude Include="..\..\..\SourceDeps\raknet\VariableDeltaSerializer.h">
      <Filter>Source</Filter>
    </ClInclude>
    <ClInclude Include="..\..\..\SourceDeps\raknet\VariableListDeltaTracker.h">
      <Filter>Source</Filter>
    </ClInclude>
    <ClInclude Include="..\..\..\SourceDeps\raknet\VariadicSQLParser.h">
      <Filter>Source</Filter>
    </ClInclude>
    <ClInclude Include="..\..\..\SourceDeps\raknet\WindowsIncludes.h">
      <Filter>Source</Filter>
    </ClInclude>
    <ClInclude Include="..\..\..\SourceDeps\raknet\VitaIncludes.h">
      <Filter>Source</Filter>
    </ClInclude>
    <ClInclude Include="..\..\..\SourceDeps\raknet\WSAStartupSingleton.h">
      <Filter>Source</Filter>
    </ClInclude>
    <ClInclude Include="..\..\..\SourceDeps\raknet\XBox360Includes.h">
      <Filter>Source</Filter>
    </ClInclude>
    <ClInclude Include="..\..\..\SourceDeps\raknet\miniupnpc\codelength.h">
      <Filter>Source</Filter>
    </ClInclude>
    <ClInclude Include="..\..\..\SourceDeps\raknet\miniupnpc\connecthostport.h">
      <Filter>Source</Filter>
    </ClInclude>
    <ClInclude Include="..\..\..\SourceDeps\raknet\miniupnpc\igd_desc_parse.h">
      <Filter>Source</Filter>
    </ClInclude>
    <ClInclude Include="..\..\..\SourceDeps\raknet\miniupnpc\minisoap.h">
      <Filter>Source</Filter>
    </ClInclude>
    <ClInclude Include="..\..\..\SourceDeps\raknet\miniupnpc\miniupnpc.h">
      <Filter>Source</Filter>
    </ClInclude>
    <ClInclude Include="..\..\..\SourceDeps\raknet\miniupnpc\miniupnpcstrings.h">
      <Filter>Source</Filter>
    </ClInclude>
    <ClInclude Include="..\..\..\SourceDeps\raknet\miniupnpc\miniupnpctypes.h">
      <Filter>Source</Filter>
    </ClInclude>
    <ClInclude Include="..\..\..\SourceDeps\raknet\miniupnpc\miniupnpc_declspec.h">
      <Filter>Source</Filter>
    </ClInclude>
    <ClInclude Include="..\..\..\SourceDeps\raknet\miniupnpc\miniwget.h">
      <Filter>Source</Filter>
    </ClInclude>
    <ClInclude Include="..\..\..\SourceDeps\raknet\miniupnpc\minixml.h">
      <Filter>Source</Filter>
    </ClInclude>
    <ClInclude Include="..\..\..\SourceDeps\raknet\miniupnpc\portlistingparse.h">
      <Filter>Source</Filter>
    </ClInclude>
    <ClInclude Include="..\..\..\SourceDeps\raknet\miniupnpc\receivedata.h">
      <Filter>Source</Filter>
    </ClInclude>
    <ClInclude Include="..\..\..\SourceDeps\raknet\miniupnpc\upnpcommands.h">
      <Filter>Source</Filter>
    </ClInclude>
    <ClInclude Include="..\..\..\SourceDeps\raknet\miniupnpc\upnperrors.h">
      <Filter>Source</Filter>
    </ClInclude>
    <ClInclude Include="..\..\..\SourceDeps\raknet\miniupnpc\upnpreplyparse.h">
      <Filter>Source</Filter>
    </ClInclude>
    <ClInclude Include="..\..\..\SourceDeps\raknet\_FindFirst.h">
      <Filter>Source</Filter>
    </ClInclude>
    <ClInclude Include="..\..\..\SourceDeps\raknet\AutopatcherPatchContext.h">
      <Filter>Source</Filter>
    </ClInclude>
    <ClInclude Include="..\..\..\SourceDeps\raknet\AutopatcherRepositoryInterface.h">
      <Filter>Source</Filter>
    </ClInclude>
    <ClInclude Include="..\..\..\SourceDeps\raknet\Base64Encoder.h">
      <Filter>Source</Filter>
    </ClInclude>
    <ClInclude Include="..\..\..\SourceDeps\raknet\BitStream.h">
      <Filter>Source</Filter>
    </ClInclude>
    <ClInclude Include="..\..\..\SourceDeps\raknet\CCRakNetSlidingWindow.h">
      <Filter>Source</Filter>
    </ClInclude>
    <ClInclude Include="..\..\..\SourceDeps\raknet\CCRakNetUDT.h">
      <Filter>Source</Filter>
    </ClInclude>
    <ClInclude Include="..\..\..\SourceDeps\raknet\CheckSum.h">
      <Filter>Source</Filter>
    </ClInclude>
    <ClInclude Include="..\..\..\SourceDeps\raknet\CloudClient.h">
      <Filter>Source</Filter>
    </ClInclude>
    <ClInclude Include="..\..\..\SourceDeps\raknet\CloudCommon.h">
      <Filter>Source</Filter>
    </ClInclude>
    <ClInclude Include="..\..\..\SourceDeps\raknet\CloudServer.h">
      <Filter>Source</Filter>
    </ClInclude>
    <ClInclude Include="..\..\..\SourceDeps\raknet\CommandParserInterface.h">
      <Filter>Source</Filter>
    </ClInclude>
    <ClInclude Include="..\..\..\SourceDeps\raknet\ConnectionGraph2.h">
      <Filter>Source</Filter>
    </ClInclude>
    <ClInclude Include="..\..\..\SourceDeps\raknet\ConsoleServer.h">
      <Filter>Source</Filter>
    </ClInclude>
    <ClInclude Include="..\..\..\SourceDeps\raknet\DataCompressor.h">
      <Filter>Source</Filter>
    </ClInclude>
    <ClInclude Include="..\..\..\SourceDeps\raknet\DirectoryDeltaTransfer.h">
      <Filter>Source</Filter>
    </ClInclude>
    <ClInclude Include="..\..\..\SourceDeps\raknet\DR_SHA1.h">
      <Filter>Source</Filter>
    </ClInclude>
    <ClInclude Include="..\..\..\SourceDeps\raknet\DS_BinarySearchTree.h">
      <Filter>Source</Filter>
    </ClInclude>
    <ClInclude Include="..\..\..\SourceDeps\raknet\DS_BPlusTree.h">
      <Filter>Source</Filter>
    </ClInclude>
    <ClInclude Include="..\..\..\SourceDeps\raknet\DS_BytePool.h">
      <Filter>Source</Filter>
    </ClInclude>
    <ClInclude Include="..\..\..\SourceDeps\raknet\DS_ByteQueue.h">
      <Filter>Source</Filter>
    </ClInclude>
    <ClInclude Include="..\..\..\SourceDeps\raknet\DS_Hash.h">
      <Filter>Source</Filter>
    </ClInclude>
    <ClInclude Include="..\..\..\SourceDeps\raknet\DS_Heap.h">
      <Filter>Source</Filter>
    </ClInclude>
    <ClInclude Include="..\..\..\SourceDeps\raknet\DS_HuffmanEncodingTree.h">
      <Filter>Source</Filter>
    </ClInclude>
    <ClInclude Include="..\..\..\SourceDeps\raknet\DS_HuffmanEncodingTreeFactory.h">
      <Filter>Source</Filter>
    </ClInclude>
    <ClInclude Include="..\..\..\SourceDeps\raknet\DS_HuffmanEncodingTreeNode.h">
      <Filter>Source</Filter>
    </ClInclude>
    <ClInclude Include="..\..\..\SourceDeps\raknet\DS_LinkedList.h">
      <Filter>Source</Filter>
    </ClInclude>
    <ClInclude Include="..\..\..\SourceDeps\raknet\DS_List.h">
      <Filter>Source</Filter>
    </ClInclude>
    <ClInclude Include="..\..\..\SourceDeps\raknet\DS_Map.h">
      <Filter>Source</Filter>
    </ClInclude>
    <ClInclude Include="..\..\..\SourceDeps\raknet\DS_MemoryPool.h">
      <Filter>Source</Filter>
    </ClInclude>
    <ClInclude Include="..\..\..\SourceDeps\raknet\DS_Multilist.h">
      <Filter>Source</Filter>
    </ClInclude>
    <ClInclude Include="..\..\..\SourceDeps\raknet\DS_OrderedChannelHeap.h">
      <Filter>Source</Filter>
    </ClInclude>
    <ClInclude Include="..\..\..\SourceDeps\raknet\DS_OrderedList.h">
      <Filter>Source</Filter>
    </ClInclude>
    <ClInclude Include="..\..\..\SourceDeps\raknet\DS_Queue.h">
      <Filter>Source</Filter>
    </ClInclude>
    <ClInclude Include="..\..\..\SourceDeps\raknet\DS_QueueLinkedList.h">
      <Filter>Source</Filter>
    </ClInclude>
    <ClInclude Include="..\..\..\SourceDeps\raknet\DS_RangeList.h">
      <Filter>Source</Filter>
    </ClInclude>
    <ClInclude Include="..\..\..\SourceDeps\raknet\DS_Table.h">
      <Filter>Source</Filter>
    </ClInclude>
    <ClInclude Include="..\..\..\SourceDeps\raknet\DS_ThreadsafeAllocatingQueue.h">
      <Filter>Source</Filter>
    </ClInclude>
    <ClInclude Include="..\..\..\SourceDeps\raknet\DS_Tree.h">
      <Filter>Source</Filter>
    </ClInclude>
    <ClInclude Include="..\..\..\SourceDeps\raknet\DS_WeightedGraph.h">
      <Filter>Source</Filter>
    </ClInclude>
    <ClInclude Include="..\..\..\SourceDeps\raknet\DynDNS.h">
      <Filter>Source</Filter>
    </ClInclude>
    <ClInclude Include="..\..\..\SourceDeps\raknet\EmailSender.h">
      <Filter>Source</Filter>
    </ClInclude>
    <ClInclude Include="..\..\..\SourceDeps\raknet\EmptyHeader.h">
      <Filter>Source</Filter>
    </ClInclude>
    <ClInclude Include="..\..\..\SourceDeps\raknet\EpochTimeToString.h">
      <Filter>Source</Filter>
    </ClInclude>
    <ClInclude Include="..\..\..\SourceDeps\raknet\Export.h">
      <Filter>Source</Filter>
    </ClInclude>
    <ClInclude Include="..\..\..\SourceDeps\raknet\FileList.h">
      <Filter>Source</Filter>
    </ClInclude>
    <ClInclude Include="..\..\..\SourceDeps\raknet\FileListNodeContext.h">
      <Filter>Source</Filter>
    </ClInclude>
    <ClInclude Include="..\..\..\SourceDeps\raknet\FileListTransfer.h">
      <Filter>Source</Filter>
    </ClInclude>
    <ClInclude Include="..\..\..\SourceDeps\raknet\FileListTransferCBInterface.h">
      <Filter>Source</Filter>
    </ClInclude>
    <ClInclude Include="..\..\..\SourceDeps\raknet\FileOperations.h">
      <Filter>Source</Filter>
    </ClInclude>
    <ClInclude Include="..\..\..\SourceDeps\raknet\FormatString.h">
      <Filter>Source</Filter>
    </ClInclude>
    <ClInclude Include="..\..\..\SourceDeps\raknet\FullyConnectedMesh2.h">
      <Filter>Source</Filter>
    </ClInclude>
    <ClInclude Include="..\..\..\SourceDeps\raknet\Getche.h">
      <Filter>Source</Filter>
    </ClInclude>
    <ClInclude Include="..\..\..\SourceDeps\raknet\Gets.h">
      <Filter>Source</Filter>
    </ClInclude>
    <ClInclude Include="..\..\..\SourceDeps\raknet\GetTime.h">
      <Filter>Source</Filter>
    </ClInclude>
    <ClInclude Include="..\..\..\SourceDeps\raknet\gettimeofday.h">
      <Filter>Source</Filter>
    </ClInclude>
    <ClInclude Include="..\..\..\SourceDeps\raknet\GridSectorizer.h">
      <Filter>Source</Filter>
    </ClInclude>
    <ClInclude Include="..\..\..\SourceDeps\raknet\HTTPConnection.h">
      <Filter>Source</Filter>
    </ClInclude>
    <ClInclude Include="..\..\..\SourceDeps\raknet\HTTPConnection2.h">
      <Filter>Source</Filter>
    </ClInclude>
    <ClInclude Include="..\..\..\SourceDeps\raknet\IncrementalReadInterface.h">
      <Filter>Source</Filter>
    </ClInclude>
    <ClInclude Include="..\..\..\SourceDeps\raknet\InternalPacket.h">
      <Filter>Source</Filter>
    </ClInclude>
    <ClInclude Include="..\..\..\SourceDeps\raknet\Itoa.h">
      <Filter>Source</Filter>
    </ClInclude>
    <ClInclude Include="..\..\..\SourceDeps\raknet\Kbhit.h">
      <Filter>Source</Filter>
    </ClInclude>
    <ClInclude Include="..\..\..\SourceDeps\raknet\LinuxStrings.h">
      <Filter>Source</Filter>
    </ClInclude>
    <ClInclude Include="..\..\..\SourceDeps\raknet\LocklessTypes.h">
      <Filter>Source</Filter>
    </ClInclude>
    <ClInclude Include="..\..\..\SourceDeps\raknet\LogCommandParser.h">
      <Filter>Source</Filter>
    </ClInclude>
    <ClInclude Include="..\..\..\SourceDeps\raknet\MessageFilter.h">
      <Filter>Source</Filter>
    </ClInclude>
    <ClInclude Include="..\..\..\SourceDeps\raknet\MessageIdentifiers.h">
      <Filter>Source</Filter>
    </ClInclude>
    <ClInclude Include="..\..\..\SourceDeps\raknet\MTUSize.h">
      <Filter>Source</Filter>
    </ClInclude>
    <ClInclude Include="..\..\..\SourceDeps\raknet\NativeFeatureIncludes.h">
      <Filter>Source</Filter>
    </ClInclude>
    <ClInclude Include="..\..\..\SourceDeps\raknet\NativeFeatureIncludesOverrides.h">
      <Filter>Source</Filter>
    </ClInclude>
    <ClInclude Include="..\..\..\SourceDeps\raknet\NativeTypes.h">
      <Filter>Source</Filter>
    </ClInclude>
    <ClInclude Include="..\..\..\SourceDeps\raknet\NatPunchthroughClient.h">
      <Filter>Source</Filter>
    </ClInclude>
    <ClInclude Include="..\..\..\SourceDeps\raknet\NatPunchthroughServer.h">
      <Filter>Source</Filter>
    </ClInclude>
    <ClInclude Include="..\..\..\SourceDeps\raknet\NatTypeDetectionClient.h">
      <Filter>Source</Filter>
    </ClInclude>
    <ClInclude Include="..\..\..\SourceDeps\raknet\NatTypeDetectionCommon.h">
      <Filter>Source</Filter>
    </ClInclude>
    <ClInclude Include="..\..\..\SourceDeps\raknet\NatTypeDetectionServer.h">
      <Filter>Source</Filter>
    </ClInclude>
    <ClInclude Include="..\..\..\SourceDeps\raknet\NetworkIDManager.h">
      <Filter>Source</Filter>
    </ClInclude>
    <ClInclude Include="..\..\..\SourceDeps\raknet\NetworkIDObject.h">
      <Filter>Source</Filter>
    </ClInclude>
    <ClInclude Include="..\..\..\SourceDeps\raknet\PacketConsoleLogger.h">
      <Filter>Source</Filter>
    </ClInclude>
    <ClInclude Include="..\..\..\SourceDeps\raknet\PacketFileLogger.h">
      <Filter>Source</Filter>
    </ClInclude>
    <ClInclude Include="..\..\..\SourceDeps\raknet\PacketizedTCP.h">
      <Filter>Source</Filter>
    </ClInclude>
    <ClInclude Include="..\..\..\SourceDeps\raknet\PacketLogger.h">
      <Filter>Source</Filter>
    </ClInclude>
    <ClInclude Include="..\..\..\SourceDeps\raknet\PacketOutputWindowLogger.h">
      <Filter>Source</Filter>
    </ClInclude>
    <ClInclude Include="..\..\..\SourceDeps\raknet\PacketPool.h">
      <Filter>Source</Filter>
    </ClInclude>
    <ClInclude Include="..\..\..\SourceDeps\raknet\PacketPriority.h">
      <Filter>Source</Filter>
    </ClInclude>
    <ClInclude Include="..\..\..\SourceDeps\raknet\PluginInterface2.h">
      <Filter>Source</Filter>
    </ClInclude>
    <ClInclude Include="..\..\..\SourceDeps\raknet\PS3Includes.h">
      <Filter>Source</Filter>
    </ClInclude>
    <ClInclude Include="..\..\..\SourceDeps\raknet\PS4Includes.h">
      <Filter>Source</Filter>
    </ClInclude>
    <ClInclude Include="..\..\..\SourceDeps\raknet\Rackspace.h">
      <Filter>Source</Filter>
    </ClInclude>
    <ClInclude Include="..\..\..\SourceDeps\raknet\RakAlloca.h">
      <Filter>Source</Filter>
    </ClInclude>
    <ClInclude Include="..\..\..\SourceDeps\raknet\RakAssert.h">
      <Filter>Source</Filter>
    </ClInclude>
    <ClInclude Include="..\..\..\SourceDeps\raknet\RakDebug.h">
      <Filter>Source</Filter>
    </ClInclude>
    <ClInclude Include="..\..\..\SourceDeps\raknet\RakMemoryOverride.h">
      <Filter>Source</Filter>
    </ClInclude>
    <ClInclude Include="..\..\..\SourceDeps\raknet\RakNetCommandParser.h">
      <Filter>Source</Filter>
    </ClInclude>
    <ClInclude Include="..\..\..\SourceDeps\raknet\RakNetDefines.h">
      <Filter>Source</Filter>
    </ClInclude>
    <ClInclude Include="..\..\..\SourceDeps\raknet\RakNetDefinesOverrides.h">
      <Filter>Source</Filter>
    </ClInclude>
    <ClInclude Include="..\..\..\SourceDeps\raknet\RakNetSmartPtr.h">
      <Filter>Source</Filter>
    </ClInclude>
    <ClInclude Include="..\..\..\SourceDeps\raknet\RakNetSocket.h">
      <Filter>Source</Filter>
    </ClInclude>
    <ClInclude Include="..\..\..\SourceDeps\raknet\RakNetSocket2.h">
      <Filter>Source</Filter>
    </ClInclude>
    <ClInclude Include="..\..\..\SourceDeps\raknet\RakNetStatistics.h">
      <Filter>Source</Filter>
    </ClInclude>
    <ClInclude Include="..\..\..\SourceDeps\raknet\RakNetTime.h">
      <Filter>Source</Filter>
    </ClInclude>
    <ClInclude Include="..\..\..\SourceDeps\raknet\RakNetTransport2.h">
      <Filter>Source</Filter>
    </ClInclude>
    <ClInclude Include="..\..\..\SourceDeps\raknet\RakNetTypes.h">
      <Filter>Source</Filter>
    </ClInclude>
    <ClInclude Include="..\..\..\SourceDeps\raknet\RakNetVersion.h">
      <Filter>Source</Filter>
    </ClInclude>
    <ClInclude Include="..\..\..\SourceDeps\raknet\RakPeer.h">
      <Filter>Source</Filter>
    </ClInclude>
    <ClInclude Include="..\..\..\SourceDeps\raknet\RakPeerInterface.h">
      <Filter>Source</Filter>
    </ClInclude>
    <ClInclude Include="..\..\..\SourceDeps\raknet\RakSleep.h">
      <Filter>Source</Filter>
    </ClInclude>
    <ClInclude Include="..\..\..\SourceDeps\raknet\RakString.h">
      <Filter>Source</Filter>
    </ClInclude>
    <ClInclude Include="..\..\..\SourceDeps\raknet\RakThread.h">
      <Filter>Source</Filter>
    </ClInclude>
    <ClInclude Include="..\..\..\SourceDeps\raknet\RakWString.h">
      <Filter>Source</Filter>
    </ClInclude>
    <ClInclude Include="..\..\..\SourceDeps\raknet\Rand.h">
      <Filter>Source</Filter>
    </ClInclude>
    <ClInclude Include="..\..\..\SourceDeps\raknet\RandSync.h">
      <Filter>Source</Filter>
    </ClInclude>
    <ClInclude Include="..\..\..\SourceDeps\raknet\ReadyEvent.h">
      <Filter>Source</Filter>
    </ClInclude>
    <ClInclude Include="..\..\..\SourceDeps\raknet\RefCountedObj.h">
      <Filter>Source</Filter>
    </ClInclude>
    <ClInclude Include="..\..\..\SourceDeps\raknet\RelayPlugin.h">
      <Filter>Source</Filter>
    </ClInclude>
    <ClInclude Include="..\..\..\SourceDeps\raknet\ReliabilityLayer.h">
      <Filter>Source</Filter>
    </ClInclude>
    <ClInclude Include="..\..\..\SourceDeps\raknet\ReplicaEnums.h">
      <Filter>Source</Filter>
    </ClInclude>
    <ClInclude Include="..\..\..\SourceDeps\raknet\ReplicaManager3.h">
      <Filter>Source</Filter>
    </ClInclude>
    <ClInclude Include="..\..\..\SourceDeps\raknet\Router2.h">
      <Filter>Source</Filter>
    </ClInclude>
    <ClInclude Include="..\..\..\SourceDeps\raknet\RPC4Plugin.h">
      <Filter>Source</Filter>
    </ClInclude>
    <ClInclude Include="..\..\..\SourceDeps\raknet\SecureHandshake.h">
      <Filter>Source</Filter>
    </ClInclude>
    <ClInclude Include="..\..\..\SourceDeps\raknet\SendToThread.h">
      <Filter>Source</Filter>
    </ClInclude>
    <ClInclude Include="..\..\..\SourceDeps\raknet\SignaledEvent.h">
      <Filter>Source</Filter>
    </ClInclude>
    <ClInclude Include="..\..\..\SourceDeps\raknet\SimpleMutex.h">
      <Filter>Source</Filter>
    </ClInclude>
    <ClInclude Include="..\..\..\SourceDeps\raknet\SimpleTCPServer.h">
      <Filter>Source</Filter>
    </ClInclude>
    <ClInclude Include="..\..\..\SourceDeps\raknet\SingleProducerConsumer.h">
      <Filter>Source</Filter>
    </ClInclude>
    <ClInclude Include="..\..\..\SourceDeps\raknet\SocketDefines.h">
      <Filter>Source</Filter>
    </ClInclude>
    <ClInclude Include="..\..\..\SourceDeps\raknet\SocketIncludes.h">
      <Filter>Source</Filter>
    </ClInclude>
  </ItemGroup>
  <ItemGroup>
    <ClCompile Include="..\..\..\SourceDeps\raknet\StatisticsHistory.cpp">
      <Filter>Source</Filter>
    </ClCompile>
    <ClCompile Include="..\..\..\SourceDeps\raknet\StringCompressor.cpp">
      <Filter>Source</Filter>
    </ClCompile>
    <ClCompile Include="..\..\..\SourceDeps\raknet\StringTable.cpp">
      <Filter>Source</Filter>
    </ClCompile>
    <ClCompile Include="..\..\..\SourceDeps\raknet\SuperFastHash.cpp">
      <Filter>Source</Filter>
    </ClCompile>
    <ClCompile Include="..\..\..\SourceDeps\raknet\TableSerializer.cpp">
      <Filter>Source</Filter>
    </ClCompile>
    <ClCompile Include="..\..\..\SourceDeps\raknet\TCPInterface.cpp">
      <Filter>Source</Filter>
    </ClCompile>
    <ClCompile Include="..\..\..\SourceDeps\raknet\TeamBalancer.cpp">
      <Filter>Source</Filter>
    </ClCompile>
    <ClCompile Include="..\..\..\SourceDeps\raknet\TeamManager.cpp">
      <Filter>Source</Filter>
    </ClCompile>
    <ClCompile Include="..\..\..\SourceDeps\raknet\TelnetTransport.cpp">
      <Filter>Source</Filter>
    </ClCompile>
    <ClCompile Include="..\..\..\SourceDeps\raknet\ThreadsafePacketLogger.cpp">
      <Filter>Source</Filter>
    </ClCompile>
    <ClCompile Include="..\..\..\SourceDeps\raknet\TwoWayAuthentication.cpp">
      <Filter>Source</Filter>
    </ClCompile>
    <ClCompile Include="..\..\..\SourceDeps\raknet\UDPForwarder.cpp">
      <Filter>Source</Filter>
    </ClCompile>
    <ClCompile Include="..\..\..\SourceDeps\raknet\UDPProxyClient.cpp">
      <Filter>Source</Filter>
    </ClCompile>
    <ClCompile Include="..\..\..\SourceDeps\raknet\UDPProxyCoordinator.cpp">
      <Filter>Source</Filter>
    </ClCompile>
    <ClCompile Include="..\..\..\SourceDeps\raknet\UDPProxyServer.cpp">
      <Filter>Source</Filter>
    </ClCompile>
    <ClCompile Include="..\..\..\SourceDeps\raknet\upnpc.cpp">
      <Filter>Source</Filter>
    </ClCompile>
    <ClCompile Include="..\..\..\SourceDeps\raknet\VariableDeltaSerializer.cpp">
      <Filter>Source</Filter>
    </ClCompile>
    <ClCompile Include="..\..\..\SourceDeps\raknet\VariableListDeltaTracker.cpp">
      <Filter>Source</Filter>
    </ClCompile>
    <ClCompile Include="..\..\..\SourceDeps\raknet\VariadicSQLParser.cpp">
      <Filter>Source</Filter>
    </ClCompile>
    <ClCompile Include="..\..\..\SourceDeps\raknet\VitaIncludes.cpp">
      <Filter>Source</Filter>
    </ClCompile>
    <ClCompile Include="..\..\..\SourceDeps\raknet\WSAStartupSingleton.cpp">
      <Filter>Source</Filter>
    </ClCompile>
    <ClCompile Include="..\..\..\SourceDeps\raknet\miniupnpc\connecthostport.c">
      <Filter>Source</Filter>
    </ClCompile>
    <ClCompile Include="..\..\..\SourceDeps\raknet\miniupnpc\igd_desc_parse.c">
      <Filter>Source</Filter>
    </ClCompile>
    <ClCompile Include="..\..\..\SourceDeps\raknet\miniupnpc\minisoap.c">
      <Filter>Source</Filter>
    </ClCompile>
    <ClCompile Include="..\..\..\SourceDeps\raknet\miniupnpc\miniupnpc.c">
      <Filter>Source</Filter>
    </ClCompile>
    <ClCompile Include="..\..\..\SourceDeps\raknet\miniupnpc\miniwget.c">
      <Filter>Source</Filter>
    </ClCompile>
    <ClCompile Include="..\..\..\SourceDeps\raknet\miniupnpc\minixml.c">
      <Filter>Source</Filter>
    </ClCompile>
    <ClCompile Include="..\..\..\SourceDeps\raknet\miniupnpc\minixmlvalid.c">
      <Filter>Source</Filter>
    </ClCompile>
    <ClCompile Include="..\..\..\SourceDeps\raknet\miniupnpc\portlistingparse.c">
      <Filter>Source</Filter>
    </ClCompile>
    <ClCompile Include="..\..\..\SourceDeps\raknet\miniupnpc\receivedata.c">
      <Filter>Source</Filter>
    </ClCompile>
    <ClCompile Include="..\..\..\SourceDeps\raknet\miniupnpc\upnpcommands.c">
      <Filter>Source</Filter>
    </ClCompile>
    <ClCompile Include="..\..\..\SourceDeps\raknet\miniupnpc\upnperrors.c">
      <Filter>Source</Filter>
    </ClCompile>
    <ClCompile Include="..\..\..\SourceDeps\raknet\miniupnpc\upnpreplyparse.c">
      <Filter>Source</Filter>
    </ClCompile>
    <ClCompile Include="..\..\..\SourceDeps\raknet\_FindFirst.cpp">
      <Filter>Source</Filter>
    </ClCompile>
    <ClCompile Include="..\..\..\SourceDeps\raknet\Base64Encoder.cpp">
      <Filter>Source</Filter>
    </ClCompile>
    <ClCompile Include="..\..\..\SourceDeps\raknet\BitStream.cpp">
      <Filter>Source</Filter>
    </ClCompile>
    <ClCompile Include="..\..\..\SourceDeps\raknet\CCRakNetSlidingWindow.cpp">
      <Filter>Source</Filter>
    </ClCompile>
    <ClCompile Include="..\..\..\SourceDeps\raknet\CCRakNetUDT.cpp">
      <Filter>Source</Filter>
    </ClCompile>
    <ClCompile Include="..\..\..\SourceDeps\raknet\CheckSum.cpp">
      <Filter>Source</Filter>
    </ClCompile>
    <ClCompile Include="..\..\..\SourceDeps\raknet\CloudClient.cpp">
      <Filter>Source</Filter>
    </ClCompile>
    <ClCompile Include="..\..\..\SourceDeps\raknet\CloudCommon.cpp">
      <Filter>Source</Filter>
    </ClCompile>
    <ClCompile Include="..\..\..\SourceDeps\raknet\CloudServer.cpp">
      <Filter>Source</Filter>
    </ClCompile>
    <ClCompile Include="..\..\..\SourceDeps\raknet\CommandParserInterface.cpp">
      <Filter>Source</Filter>
    </ClCompile>
    <ClCompile Include="..\..\..\SourceDeps\raknet\ConnectionGraph2.cpp">
      <Filter>Source</Filter>
    </ClCompile>
    <ClCompile Include="..\..\..\SourceDeps\raknet\ConsoleServer.cpp">
      <Filter>Source</Filter>
    </ClCompile>
    <ClCompile Include="..\..\..\SourceDeps\raknet\DataCompressor.cpp">
      <Filter>Source</Filter>
    </ClCompile>
    <ClCompile Include="..\..\..\SourceDeps\raknet\DirectoryDeltaTransfer.cpp">
      <Filter>Source</Filter>
    </ClCompile>
    <ClCompile Include="..\..\..\SourceDeps\raknet\DR_SHA1.cpp">
      <Filter>Source</Filter>
    </ClCompile>
    <ClCompile Include="..\..\..\SourceDeps\raknet\DS_BytePool.cpp">
      <Filter>Source</Filter>
    </ClCompile>
    <ClCompile Include="..\..\..\SourceDeps\raknet\DS_ByteQueue.cpp">
      <Filter>Source</Filter>
    </ClCompile>
    <ClCompile Include="..\..\..\SourceDeps\raknet\DS_HuffmanEncodingTree.cpp">
      <Filter>Source</Filter>
    </ClCompile>
    <ClCompile Include="..\..\..\SourceDeps\raknet\DS_Table.cpp">
      <Filter>Source</Filter>
    </ClCompile>
    <ClCompile Include="..\..\..\SourceDeps\raknet\DynDNS.cpp">
      <Filter>Source</Filter>
    </ClCompile>
    <ClCompile Include="..\..\..\SourceDeps\raknet\EmailSender.cpp">
      <Filter>Source</Filter>
    </ClCompile>
    <ClCompile Include="..\..\..\SourceDeps\raknet\EpochTimeToString.cpp">
      <Filter>Source</Filter>
    </ClCompile>
    <ClCompile Include="..\..\..\SourceDeps\raknet\FileList.cpp">
      <Filter>Source</Filter>
    </ClCompile>
    <ClCompile Include="..\..\..\SourceDeps\raknet\FileListTransfer.cpp">
      <Filter>Source</Filter>
    </ClCompile>
    <ClCompile Include="..\..\..\SourceDeps\raknet\FileOperations.cpp">
      <Filter>Source</Filter>
    </ClCompile>
    <ClCompile Include="..\..\..\SourceDeps\raknet\FormatString.cpp">
      <Filter>Source</Filter>
    </ClCompile>
    <ClCompile Include="..\..\..\SourceDeps\raknet\FullyConnectedMesh2.cpp">
      <Filter>Source</Filter>
    </ClCompile>
    <ClCompile Include="..\..\..\SourceDeps\raknet\Getche.cpp">
      <Filter>Source</Filter>
    </ClCompile>
    <ClCompile Include="..\..\..\SourceDeps\raknet\Gets.cpp">
      <Filter>Source</Filter>
    </ClCompile>
    <ClCompile Include="..\..\..\SourceDeps\raknet\GetTime.cpp">
      <Filter>Source</Filter>
    </ClCompile>
    <ClCompile Include="..\..\..\SourceDeps\raknet\gettimeofday.cpp">
      <Filter>Source</Filter>
    </ClCompile>
    <ClCompile Include="..\..\..\SourceDeps\raknet\GridSectorizer.cpp">
      <Filter>Source</Filter>
    </ClCompile>
    <ClCompile Include="..\..\..\SourceDeps\raknet\HTTPConnection.cpp">
      <Filter>Source</Filter>
    </ClCompile>
    <ClCompile Include="..\..\..\SourceDeps\raknet\HTTPConnection2.cpp">
      <Filter>Source</Filter>
    </ClCompile>
    <ClCompile Include="..\..\..\SourceDeps\raknet\IncrementalReadInterface.cpp">
      <Filter>Source</Filter>
    </ClCompile>
    <ClCompile Include="..\..\..\SourceDeps\raknet\Itoa.cpp">
      <Filter>Source</Filter>
    </ClCompile>
    <ClCompile Include="..\..\..\SourceDeps\raknet\LinuxStrings.cpp">
      <Filter>Source</Filter>
    </ClCompile>
    <ClCompile Include="..\..\..\SourceDeps\raknet\LocklessTypes.cpp">
      <Filter>Source</Filter>
    </ClCompile>
    <ClCompile Include="..\..\..\SourceDeps\raknet\LogCommandParser.cpp">
      <Filter>Source</Filter>
    </ClCompile>
    <ClCompile Include="..\..\..\SourceDeps\raknet\MessageFilter.cpp">
      <Filter>Source</Filter>
    </ClCompile>
    <ClCompile Include="..\..\..\SourceDeps\raknet\NatPunchthroughClient.cpp">
      <Filter>Source</Filter>
    </ClCompile>
    <ClCompile Include="..\..\..\SourceDeps\raknet\NatPunchthroughServer.cpp">
      <Filter>Source</Filter>
    </ClCompile>
    <ClCompile Include="..\..\..\SourceDeps\raknet\NatTypeDetectionClient.cpp">
      <Filter>Source</Filter>
    </ClCompile>
    <ClCompile Include="..\..\..\SourceDeps\raknet\NatTypeDetectionCommon.cpp">
      <Filter>Source</Filter>
    </ClCompile>
    <ClCompile Include="..\..\..\SourceDeps\raknet\NatTypeDetectionServer.cpp">
      <Filter>Source</Filter>
    </ClCompile>
    <ClCompile Include="..\..\..\SourceDeps\raknet\NetworkIDManager.cpp">
      <Filter>Source</Filter>
    </ClCompile>
    <ClCompile Include="..\..\..\SourceDeps\raknet\NetworkIDObject.cpp">
      <Filter>Source</Filter>
    </ClCompile>
    <ClCompile Include="..\..\..\SourceDeps\raknet\PacketConsoleLogger.cpp">
      <Filter>Source</Filter>
    </ClCompile>
    <ClCompile Include="..\..\..\SourceDeps\raknet\PacketFileLogger.cpp">
      <Filter>Source</Filter>
    </ClCompile>
    <ClCompile Include="..\..\..\SourceDeps\raknet\PacketizedTCP.cpp">
      <Filter>Source</Filter>
    </ClCompile>
    <ClCompile Include="..\..\..\SourceDeps\raknet\PacketLogger.cpp">
      <Filter>Source</Filter>
    </ClCompile>
    <ClCompile Include="..\..\..\SourceDeps\raknet\PacketOutputWindowLogger.cpp">
      <Filter>Source</Filter>
    </ClCompile>
    <ClCompile Include="..\..\..\SourceDeps\raknet\PluginInterface2.cpp">
      <Filter>Source</Filter>
    </ClCompile>
    <ClCompile Include="..\..\..\SourceDeps\raknet\PS4Includes.cpp">
      <Filter>Source</Filter>
    </ClCompile>
    <ClCompile Include="..\..\..\SourceDeps\raknet\Rackspace.cpp">
      <Filter>Source</Filter>
    </ClCompile>
    <ClCompile Include="..\..\..\SourceDeps\raknet\RakDebug.cpp">
      <Filter>Source</Filter>
    </ClCompile>
    <ClCompile Include="..\..\..\SourceDeps\raknet\RakMemoryOverride.cpp">
      <Filter>Source</Filter>
    </ClCompile>
    <ClCompile Include="..\..\..\SourceDeps\raknet\RakNetCommandParser.cpp">
      <Filter>Source</Filter>
    </ClCompile>
    <ClCompile Include="..\..\..\SourceDeps\raknet\RakNetSocket.cpp">
      <Filter>Source</Filter>
    </ClCompile>
    <ClCompile Include="..\..\..\SourceDeps\raknet\RakNetSocket2.cpp">
      <Filter>Source</Filter>
    </ClCompile>
    <ClCompile Include="..\..\..\SourceDeps\raknet\RakNetSocket2_360_720.cpp">
      <Filter>Source</Filter>
    </ClCompile>
    <ClCompile Include="..\..\..\SourceDeps\raknet\RakNetSocket2_Berkley.cpp">
      <Filter>Source</Filter>
    </ClCompile>
    <ClCompile Include="..\..\..\SourceDeps\raknet\RakNetSocket2_Berkley_NativeClient.cpp">
      <Filter>Source</Filter>
    </ClCompile>
    <ClCompile Include="..\..\..\SourceDeps\raknet\RakNetSocket2_NativeClient.cpp">
      <Filter>Source</Filter>
    </ClCompile>
    <ClCompile Include="..\..\..\SourceDeps\raknet\RakNetSocket2_PS3_PS4.cpp">
      <Filter>Source</Filter>
    </ClCompile>
    <ClCompile Include="..\..\..\SourceDeps\raknet\RakNetSocket2_PS4.cpp">
      <Filter>Source</Filter>
    </ClCompile>
    <ClCompile Include="..\..\..\SourceDeps\raknet\RakNetSocket2_Windows_Linux.cpp">
      <Filter>Source</Filter>
    </ClCompile>
    <ClCompile Include="..\..\..\SourceDeps\raknet\RakNetSocket2_Windows_Linux_360.cpp">
      <Filter>Source</Filter>
    </ClCompile>
    <ClCompile Include="..\..\..\SourceDeps\raknet\RakNetSocket2_WindowsStore8.cpp">
      <Filter>Source</Filter>
    </ClCompile>
    <ClCompile Include="..\..\..\SourceDeps\raknet\RakNetSocket2_Vita.cpp">
      <Filter>Source</Filter>
    </ClCompile>
    <ClCompile Include="..\..\..\SourceDeps\raknet\RakNetStatistics.cpp">
      <Filter>Source</Filter>
    </ClCompile>
    <ClCompile Include="..\..\..\SourceDeps\raknet\RakNetTransport2.cpp">
      <Filter>Source</Filter>
    </ClCompile>
    <ClCompile Include="..\..\..\SourceDeps\raknet\RakNetTypes.cpp">
      <Filter>Source</Filter>
    </ClCompile>
    <ClCompile Include="..\..\..\SourceDeps\raknet\RakPeer.cpp">
      <Filter>Source</Filter>
    </ClCompile>
    <ClCompile Include="..\..\..\SourceDeps\raknet\RakSleep.cpp">
      <Filter>Source</Filter>
    </ClCompile>
    <ClCompile Include="..\..\..\SourceDeps\raknet\RakString.cpp">
      <Filter>Source</Filter>
    </ClCompile>
    <ClCompile Include="..\..\..\SourceDeps\raknet\RakThread.cpp">
      <Filter>Source</Filter>
    </ClCompile>
    <ClCompile Include="..\..\..\SourceDeps\raknet\RakWString.cpp">
      <Filter>Source</Filter>
    </ClCompile>
    <ClCompile Include="..\..\..\SourceDeps\raknet\Rand.cpp">
      <Filter>Source</Filter>
    </ClCompile>
    <ClCompile Include="..\..\..\SourceDeps\raknet\RandSync.cpp">
      <Filter>Source</Filter>
    </ClCompile>
    <ClCompile Include="..\..\..\SourceDeps\raknet\ReadyEvent.cpp">
      <Filter>Source</Filter>
    </ClCompile>
    <ClCompile Include="..\..\..\SourceDeps\raknet\RelayPlugin.cpp">
      <Filter>Source</Filter>
    </ClCompile>
    <ClCompile Include="..\..\..\SourceDeps\raknet\ReliabilityLayer.cpp">
      <Filter>Source</Filter>
    </ClCompile>
    <ClCompile Include="..\..\..\SourceDeps\raknet\ReplicaManager3.cpp">
      <Filter>Source</Filter>
    </ClCompile>
    <ClCompile Include="..\..\..\SourceDeps\raknet\Router2.cpp">
      <Filter>Source</Filter>
    </ClCompile>
    <ClCompile Include="..\..\..\SourceDeps\raknet\RPC4Plugin.cpp">
      <Filter>Source</Filter>
    </ClCompile>
    <ClCompile Include="..\..\..\SourceDeps\raknet\SecureHandshake.cpp">
      <Filter>Source</Filter>
    </ClCompile>
    <ClCompile Include="..\..\..\SourceDeps\raknet\SendToThread.cpp">
      <Filter>Source</Filter>
    </ClCompile>
    <ClCompile Include="..\..\..\SourceDeps\raknet\SignaledEvent.cpp">
      <Filter>Source</Filter>
    </ClCompile>
    <ClCompile Include="..\..\..\SourceDeps\raknet\SimpleMutex.cpp">
      <Filter>Source</Filter>
    </ClCompile>
    <ClCompile Include="..\..\..\SourceDeps\raknet\SocketLayer.cpp">
      <Filter>Source</Filter>
    </ClCompile>
  </ItemGroup>
  <ItemGroup>
    <Text Include="..\..\..\SourceDeps\raknet\CMakeLists.txt">
      <Filter>Source</Filter>
    </Text>
  </ItemGroup>
  <ItemGroup>
    <None Include="..\..\..\SourceDeps\raknet\RakNet.vcproj">
      <Filter>Source</Filter>
    </None>
    <None Include="..\..\..\SourceDeps\raknet\RakNet_vc8.vcproj">
      <Filter>Source</Filter>
    </None>
    <None Include="..\..\..\SourceDeps\raknet\RakNet_vc9.vcproj">
      <Filter>Source</Filter>
    </None>
  </ItemGroup>
</Project>