<?xml version="1.0" encoding="utf-8"?>
<Project ToolsVersion="4.0" xmlns="http://schemas.microsoft.com/developer/msbuild/2003">
  <ItemGroup>
    <Filter Include="Source">
      <UniqueIdentifier>{cf19a7ba-97df-47f1-b89b-9dc0172c452f}</UniqueIdentifier>
    </Filter>
  </ItemGroup>
  <ItemGroup>
    <ClCompile Include="..\..\..\SourceDeps\leveldb\helpers\memenv\memenv.cc">
      <Filter>Source</Filter>
    </ClCompile>
    <ClCompile Include="..\..\..\SourceDeps\leveldb\port\port_posix.cc">
      <Filter>Source</Filter>
    </ClCompile>
    <ClCompile Include="..\..\..\SourceDeps\leveldb\port\port_win.cc">
      <Filter>Source</Filter>
    </ClCompile>
    <ClCompile Include="..\..\..\SourceDeps\leveldb\table\block.cc">
      <Filter>Source</Filter>
    </ClCompile>
    <ClCompile Include="..\..\..\SourceDeps\leveldb\table\block_builder.cc">
      <Filter>Source</Filter>
    </ClCompile>
    <ClCompile Include="..\..\..\SourceDeps\leveldb\table\filter_block.cc">
      <Filter>Source</Filter>
    </ClCompile>
    <ClCompile Include="..\..\..\SourceDeps\leveldb\table\format.cc">
      <Filter>Source</Filter>
    </ClCompile>
    <ClCompile Include="..\..\..\SourceDeps\leveldb\table\iterator.cc">
      <Filter>Source</Filter>
    </ClCompile>
    <ClCompile Include="..\..\..\SourceDeps\leveldb\table\merger.cc">
      <Filter>Source</Filter>
    </ClCompile>
    <ClCompile Include="..\..\..\SourceDeps\leveldb\table\table.cc">
      <Filter>Source</Filter>
    </ClCompile>
    <ClCompile Include="..\..\..\SourceDeps\leveldb\table\table_builder.cc">
      <Filter>Source</Filter>
    </ClCompile>
    <ClCompile Include="..\..\..\SourceDeps\leveldb\table\two_level_iterator.cc">
      <Filter>Source</Filter>
    </ClCompile>
    <ClCompile Include="..\..\..\SourceDeps\leveldb\util\arena.cc">
      <Filter>Source</Filter>
    </ClCompile>
    <ClCompile Include="..\..\..\SourceDeps\leveldb\util\bloom.cc">
      <Filter>Source</Filter>
    </ClCompile>
    <ClCompile Include="..\..\..\SourceDeps\leveldb\util\cache.cc">
      <Filter>Source</Filter>
    </ClCompile>
    <ClCompile Include="..\..\..\SourceDeps\leveldb\util\coding.cc">
      <Filter>Source</Filter>
    </ClCompile>
    <ClCompile Include="..\..\..\SourceDeps\leveldb\util\comparator.cc">
      <Filter>Source</Filter>
    </ClCompile>
    <ClCompile Include="..\..\..\SourceDeps\leveldb\util\crc32c.cc">
      <Filter>Source</Filter>
    </ClCompile>
    <ClCompile Include="..\..\..\SourceDeps\leveldb\util\env.cc">
      <Filter>Source</Filter>
    </ClCompile>
    <ClCompile Include="..\..\..\SourceDeps\leveldb\util\env_posix.cc">
      <Filter>Source</Filter>
    </ClCompile>
    <ClCompile Include="..\..\..\SourceDeps\leveldb\util\filter_policy.cc">
      <Filter>Source</Filter>
    </ClCompile>
    <ClCompile Include="..\..\..\SourceDeps\leveldb\util\hash.cc">
      <Filter>Source</Filter>
    </ClCompile>
    <ClCompile Include="..\..\..\SourceDeps\leveldb\util\histogram.cc">
      <Filter>Source</Filter>
    </ClCompile>
    <ClCompile Include="..\..\..\SourceDeps\leveldb\util\logging.cc">
      <Filter>Source</Filter>
    </ClCompile>
    <ClCompile Include="..\..\..\SourceDeps\leveldb\util\options.cc">
      <Filter>Source</Filter>
    </ClCompile>
    <ClCompile Include="..\..\..\SourceDeps\leveldb\util\status.cc">
      <Filter>Source</Filter>
    </ClCompile>
    <ClCompile Include="..\..\..\SourceDeps\leveldb\util\win_logger.cc">
      <Filter>Source</Filter>
    </ClCompile>
    <ClCompile Include="..\..\..\SourceDeps\leveldb\db\builder.cc">
      <Filter>Source</Filter>
    </ClCompile>
    <ClCompile Include="..\..\..\SourceDeps\leveldb\db\dbformat.cc">
      <Filter>Source</Filter>
    </ClCompile>
    <ClCompile Include="..\..\..\SourceDeps\leveldb\db\db_impl.cc">
      <Filter>Source</Filter>
    </ClCompile>
    <ClCompile Include="..\..\..\SourceDeps\leveldb\db\db_iter.cc">
      <Filter>Source</Filter>
    </ClCompile>
    <ClCompile Include="..\..\..\SourceDeps\leveldb\db\dumpfile.cc">
      <Filter>Source</Filter>
    </ClCompile>
    <ClCompile Include="..\..\..\SourceDeps\leveldb\db\filename.cc">
      <Filter>Source</Filter>
    </ClCompile>
    <ClCompile Include="..\..\..\SourceDeps\leveldb\db\leveldbutil.cc">
      <Filter>Source</Filter>
    </ClCompile>
    <ClCompile Include="..\..\..\SourceDeps\leveldb\db\log_reader.cc">
      <Filter>Source</Filter>
    </ClCompile>
    <ClCompile Include="..\..\..\SourceDeps\leveldb\db\log_writer.cc">
      <Filter>Source</Filter>
    </ClCompile>
    <ClCompile Include="..\..\..\SourceDeps\leveldb\db\repair.cc">
      <Filter>Source</Filter>
    </ClCompile>
    <ClCompile Include="..\..\..\SourceDeps\leveldb\db\snappy_compressor.cc">
      <Filter>Source</Filter>
    </ClCompile>
    <ClCompile Include="..\..\..\SourceDeps\leveldb\db\table_cache.cc">
      <Filter>Source</Filter>
    </ClCompile>
    <ClCompile Include="..\..\..\SourceDeps\leveldb\db\version_edit.cc">
      <Filter>Source</Filter>
    </ClCompile>
    <ClCompile Include="..\..\..\SourceDeps\leveldb\db\version_set.cc">
      <Filter>Source</Filter>
    </ClCompile>
    <ClCompile Include="..\..\..\SourceDeps\leveldb\db\write_batch.cc">
      <Filter>Source</Filter>
    </ClCompile>
    <ClCompile Include="..\..\..\SourceDeps\leveldb\db\zlib_compressor.cc">
      <Filter>Source</Filter>
    </ClCompile>
    <ClCompile Include="..\..\..\SourceDeps\leveldb\db\memtable.cc">
      <Filter>Source</Filter>
    </ClCompile>
    <ClCompile Include="..\..\..\SourceDeps\leveldb\util\env_winrt.cc">
      <Filter>Source</Filter>
    </ClCompile>
  </ItemGroup>
  <ItemGroup>
    <ClInclude Include="..\..\..\SourceDeps\leveldb\helpers\memenv\memenv.h">
      <Filter>Source</Filter>
    </ClInclude>
    <ClInclude Include="..\..\..\SourceDeps\leveldb\include\leveldb\c.h">
      <Filter>Source</Filter>
    </ClInclude>
    <ClInclude Include="..\..\..\SourceDeps\leveldb\include\leveldb\cache.h">
      <Filter>Source</Filter>
    </ClInclude>
    <ClInclude Include="..\..\..\SourceDeps\leveldb\include\leveldb\comparator.h">
      <Filter>Source</Filter>
    </ClInclude>
    <ClInclude Include="..\..\..\SourceDeps\leveldb\include\leveldb\compressor.h">
      <Filter>Source</Filter>
    </ClInclude>
    <ClInclude Include="..\..\..\SourceDeps\leveldb\include\leveldb\db.h">
      <Filter>Source</Filter>
    </ClInclude>
    <ClInclude Include="..\..\..\SourceDeps\leveldb\include\leveldb\dumpfile.h">
      <Filter>Source</Filter>
    </ClInclude>
    <ClInclude Include="..\..\..\SourceDeps\leveldb\include\leveldb\env.h">
      <Filter>Source</Filter>
    </ClInclude>
    <ClInclude Include="..\..\..\SourceDeps\leveldb\include\leveldb\filter_policy.h">
      <Filter>Source</Filter>
    </ClInclude>
    <ClInclude Include="..\..\..\SourceDeps\leveldb\include\leveldb\iterator.h">
      <Filter>Source</Filter>
    </ClInclude>
    <ClInclude Include="..\..\..\SourceDeps\leveldb\include\leveldb\options.h">
      <Filter>Source</Filter>
    </ClInclude>
    <ClInclude Include="..\..\..\SourceDeps\leveldb\include\leveldb\slice.h">
      <Filter>Source</Filter>
    </ClInclude>
    <ClInclude Include="..\..\..\SourceDeps\leveldb\include\leveldb\snappy_compressor.h">
      <Filter>Source</Filter>
    </ClInclude>
    <ClInclude Include="..\..\..\SourceDeps\leveldb\include\leveldb\status.h">
      <Filter>Source</Filter>
    </ClInclude>
    <ClInclude Include="..\..\..\SourceDeps\leveldb\include\leveldb\table.h">
      <Filter>Source</Filter>
    </ClInclude>
    <ClInclude Include="..\..\..\SourceDeps\leveldb\include\leveldb\table_builder.h">
      <Filter>Source</Filter>
    </ClInclude>
    <ClInclude Include="..\..\..\SourceDeps\leveldb\include\leveldb\write_batch.h">
      <Filter>Source</Filter>
    </ClInclude>
    <ClInclude Include="..\..\..\SourceDeps\leveldb\include\leveldb\zlib_compressor.h">
      <Filter>Source</Filter>
    </ClInclude>
    <ClInclude Include="..\..\..\SourceDeps\leveldb\port\atomic_pointer.h">
      <Filter>Source</Filter>
    </ClInclude>
    <ClInclude Include="..\..\..\SourceDeps\leveldb\port\port.h">
      <Filter>Source</Filter>
    </ClInclude>
    <ClInclude Include="..\..\..\SourceDeps\leveldb\port\port_example.h">
      <Filter>Source</Filter>
    </ClInclude>
    <ClInclude Include="..\..\..\SourceDeps\leveldb\port\port_posix.h">
      <Filter>Source</Filter>
    </ClInclude>
    <ClInclude Include="..\..\..\SourceDeps\leveldb\port\port_win.h">
      <Filter>Source</Filter>
    </ClInclude>
    <ClInclude Include="..\..\..\SourceDeps\leveldb\port\thread_annotations.h">
      <Filter>Source</Filter>
    </ClInclude>
    <ClInclude Include="..\..\..\SourceDeps\leveldb\port\win\stdint.h">
      <Filter>Source</Filter>
    </ClInclude>
    <ClInclude Include="..\..\..\SourceDeps\leveldb\table\block.h">
      <Filter>Source</Filter>
    </ClInclude>
    <ClInclude Include="..\..\..\SourceDeps\leveldb\table\block_builder.h">
      <Filter>Source</Filter>
    </ClInclude>
    <ClInclude Include="..\..\..\SourceDeps\leveldb\table\filter_block.h">
      <Filter>Source</Filter>
    </ClInclude>
    <ClInclude Include="..\..\..\SourceDeps\leveldb\table\format.h">
      <Filter>Source</Filter>
    </ClInclude>
    <ClInclude Include="..\..\..\SourceDeps\leveldb\table\iterator_wrapper.h">
      <Filter>Source</Filter>
    </ClInclude>
    <ClInclude Include="..\..\..\SourceDeps\leveldb\table\merger.h">
      <Filter>Source</Filter>
    </ClInclude>
    <ClInclude Include="..\..\..\SourceDeps\leveldb\table\two_level_iterator.h">
      <Filter>Source</Filter>
    </ClInclude>
    <ClInclude Include="..\..\..\SourceDeps\leveldb\util\arena.h">
      <Filter>Source</Filter>
    </ClInclude>
    <ClInclude Include="..\..\..\SourceDeps\leveldb\util\coding.h">
      <Filter>Source</Filter>
    </ClInclude>
    <ClInclude Include="..\..\..\SourceDeps\leveldb\util\crc32c.h">
      <Filter>Source</Filter>
    </ClInclude>
    <ClInclude Include="..\..\..\SourceDeps\leveldb\util\Filepath.h">
      <Filter>Source</Filter>
    </ClInclude>
    <ClInclude Include="..\..\..\SourceDeps\leveldb\util\hash.h">
      <Filter>Source</Filter>
    </ClInclude>
    <ClInclude Include="..\..\..\SourceDeps\leveldb\util\histogram.h">
      <Filter>Source</Filter>
    </ClInclude>
    <ClInclude Include="..\..\..\SourceDeps\leveldb\util\logging.h">
      <Filter>Source</Filter>
    </ClInclude>
    <ClInclude Include="..\..\..\SourceDeps\leveldb\util\mutexlock.h">
      <Filter>Source</Filter>
    </ClInclude>
    <ClInclude Include="..\..\..\SourceDeps\leveldb\util\posix_logger.h">
      <Filter>Source</Filter>
    </ClInclude>
    <ClInclude Include="..\..\..\SourceDeps\leveldb\util\win_logger.h">
      <Filter>Source</Filter>
    </ClInclude>
    <ClInclude Include="..\..\..\SourceDeps\leveldb\db\builder.h">
      <Filter>Source</Filter>
    </ClInclude>
    <ClInclude Include="..\..\..\SourceDeps\leveldb\db\dbformat.h">
      <Filter>Source</Filter>
    </ClInclude>
    <ClInclude Include="..\..\..\SourceDeps\leveldb\db\db_impl.h">
      <Filter>Source</Filter>
    </ClInclude>
    <ClInclude Include="..\..\..\SourceDeps\leveldb\db\db_iter.h">
      <Filter>Source</Filter>
    </ClInclude>
    <ClInclude Include="..\..\..\SourceDeps\leveldb\db\filename.h">
      <Filter>Source</Filter>
    </ClInclude>
    <ClInclude Include="..\..\..\SourceDeps\leveldb\db\log_format.h">
      <Filter>Source</Filter>
    </ClInclude>
    <ClInclude Include="..\..\..\SourceDeps\leveldb\db\log_reader.h">
      <Filter>Source</Filter>
    </ClInclude>
    <ClInclude Include="..\..\..\SourceDeps\leveldb\db\log_writer.h">
      <Filter>Source</Filter>
    </ClInclude>
    <ClInclude Include="..\..\..\SourceDeps\leveldb\db\snapshot.h">
      <Filter>Source</Filter>
    </ClInclude>
    <ClInclude Include="..\..\..\SourceDeps\leveldb\db\table_cache.h">
      <Filter>Source</Filter>
    </ClInclude>
    <ClInclude Include="..\..\..\SourceDeps\leveldb\db\version_edit.h">
      <Filter>Source</Filter>
    </ClInclude>
    <ClInclude Include="..\..\..\SourceDeps\leveldb\db\version_set.h">
      <Filter>Source</Filter>
    </ClInclude>
    <ClInclude Include="..\..\..\SourceDeps\leveldb\db\write_batch_internal.h">
      <Filter>Source</Filter>
    </ClInclude>
    <ClInclude Include="..\..\..\SourceDeps\leveldb\db\memtable.h">
      <Filter>Source</Filter>
    </ClInclude>
    <ClInclude Include="..\..\..\SourceDeps\leveldb\db\skiplist.h">
      <Filter>Source</Filter>
    </ClInclude>
    <ClInclude Include="..\..\..\SourceDeps\leveldb\util\randomx.h">
      <Filter>Source</Filter>
    </ClInclude>
  </ItemGroup>
</Project>