<?xml version="1.0" encoding="utf-8"?>
<Project ToolsVersion="4.0" xmlns="http://schemas.microsoft.com/developer/msbuild/2003">
  <ItemGroup>
    <Filter Include="Source">
      <UniqueIdentifier>{03f57c5b-1d65-4824-bf60-4d5144175ee2}</UniqueIdentifier>
    </Filter>
  </ItemGroup>
  <ItemGroup>
    <ClInclude Include="..\..\..\SourceDeps\json\config.h">
      <Filter>Source</Filter>
    </ClInclude>
    <ClInclude Include="..\..\..\SourceDeps\json\features.h">
      <Filter>Source</Filter>
    </ClInclude>
    <ClInclude Include="..\..\..\SourceDeps\json\forwards.h">
      <Filter>Source</Filter>
    </ClInclude>
    <ClInclude Include="..\..\..\SourceDeps\json\json.h">
      <Filter>Source</Filter>
    </ClInclude>
    <ClInclude Include="..\..\..\SourceDeps\json\reader.h">
      <Filter>Source</Filter>
    </ClInclude>
    <ClInclude Include="..\..\..\SourceDeps\json\value.h">
      <Filter>Source</Filter>
    </ClInclude>
    <ClInclude Include="..\..\..\SourceDeps\json\writer.h">
      <Filter>Source</Filter>
    </ClInclude>
    <ClInclude Include="..\..\..\SourceDeps\json\src\json_batchallocator.h">
      <Filter>Source</Filter>
    </ClInclude>
    <ClInclude Include="..\..\..\SourceDeps\json\src\json_tool.h">
      <Filter>Source</Filter>
    </ClInclude>
    <ClInclude Include="..\..\..\SourceDeps\json\autolink.h">
      <Filter>Source</Filter>
    </ClInclude>
  </ItemGroup>
  <ItemGroup>
    <None Include="..\..\..\SourceDeps\json\src\json_internalarray.inl">
      <Filter>Source</Filter>
    </None>
    <None Include="..\..\..\SourceDeps\json\src\json_internalmap.inl">
      <Filter>Source</Filter>
    </None>
    <None Include="..\..\..\SourceDeps\json\src\json_valueiterator.inl">
      <Filter>Source</Filter>
    </None>
  </ItemGroup>
  <ItemGroup>
    <ClCompile Include="..\..\..\SourceDeps\json\src\json_reader.cpp">
      <Filter>Source</Filter>
    </ClCompile>
    <ClCompile Include="..\..\..\SourceDeps\json\src\json_value.cpp">
      <Filter>Source</Filter>
    </ClCompile>
    <ClCompile Include="..\..\..\SourceDeps\json\src\json_writer.cpp">
      <Filter>Source</Filter>
    </ClCompile>
  </ItemGroup>
</Project>